
Microsoft Visual Studio Solution File, Format Version 12.00
# Visual Studio Version 17
VisualStudioVersion = 17.10.35201.131
MinimumVisualStudioVersion = 10.0.40219.1
Project("{2150E333-8FDC-42A3-9474-1A3956D46DE8}") = "1. Builder", "1. Builder", "{D9A9CF71-7B94-40FB-A6F8-9CC6A8071907}"
EndProject
Project("{FAE04EC0-301F-11D3-BF4B-00C04F79EFBC}") = "BuilderPattern", "BuilderPattern\BuilderPattern.csproj", "{BD7450C9-9083-4078-BA08-77C1C783976E}"
EndProject
Project("{FAE04EC0-301F-11D3-BF4B-00C04F79EFBC}") = "HostBuilder", "HostBuilder\HostBuilder.csproj", "{B2D2CBFB-43D2-4999-9368-82680224B966}"
EndProject
Project("{FAE04EC0-301F-11D3-BF4B-00C04F79EFBC}") = "WebAppBuilder", "WebAppBuilder\WebAppBuilder.csproj", "{434D3B6D-F3B3-44D0-8536-838A318D8105}"
EndProject
Project("{2150E333-8FDC-42A3-9474-1A3956D46DE8}") = "2. Factory", "2. Factory", "{63D8C208-3B8D-4E4F-9C35-2901B4E08694}"
EndProject
Project("{2150E333-8FDC-42A3-9474-1A3956D46DE8}") = "3. DependencyInjection", "3. DependencyInjection", "{CF77E09A-1BD7-4763-9F03-B5C447FED3A5}"
EndProject
Project("{2150E333-8FDC-42A3-9474-1A3956D46DE8}") = "4. Logging", "4. Logging", "{A2CFB509-114D-4E11-9716-D08AD6A009B2}"
EndProject
Project("{2150E333-8FDC-42A3-9474-1A3956D46DE8}") = "5. Configuration", "5. Configuration", "{C949E923-7737-4D7B-8DDD-E7EF09E343AE}"
EndProject
Project("{FAE04EC0-301F-11D3-BF4B-00C04F79EFBC}") = "FactoryPattern", "FactoryPattern\FactoryPattern.csproj", "{B2E3B33C-DDCB-4EB0-B9DC-305B2E0A59CE}"
EndProject
Project("{FAE04EC0-301F-11D3-BF4B-00C04F79EFBC}") = "AbstractFactoryPattern", "AbstractFactoryPattern\AbstractFactoryPattern.csproj", "{22981F70-EDC6-4AE8-BB3D-D5F16F0D58FB}"
EndProject
Project("{FAE04EC0-301F-11D3-BF4B-00C04F79EFBC}") = "DIWebAppBuilder", "DIWebAppBuilder\DIWebAppBuilder.csproj", "{782E5D82-F9FD-485C-A4F6-D3D02973A95E}"
EndProject
Project("{FAE04EC0-301F-11D3-BF4B-00C04F79EFBC}") = "DISimple", "DISimple\DISimple.csproj", "{FA5141B4-02DB-4CA9-9613-7A5EBAEEC971}"
EndProject
Project("{9A19103F-16F7-4668-BE54-9A1E7A4F7556}") = "DIHostBuilder", "DIHostBuilder\DIHostBuilder.csproj", "{C5E5B2E5-6383-4895-A8F1-D431548200C9}"
EndProject
Project("{FAE04EC0-301F-11D3-BF4B-00C04F79EFBC}") = "LoggingHostBuilder", "LoggingHostBuilder\LoggingHostBuilder.csproj", "{1F321C2B-8A36-47D6-8BE2-36B54831EBD7}"
EndProject
Project("{FAE04EC0-301F-11D3-BF4B-00C04F79EFBC}") = "LoggingProviders", "LoggingProviders\LoggingProviders.csproj", "{C6F8DC5E-3E98-4E68-8835-33C75BC39E91}"
EndProject
Project("{FAE04EC0-301F-11D3-BF4B-00C04F79EFBC}") = "Sogeti.Extensions.Logging.ColorConsole", "Sogeti.Extensions.Logging.ColorConsole\Sogeti.Extensions.Logging.ColorConsole.csproj", "{9E97B522-2B55-4352-9BCE-C537A2D95767}"
EndProject
Project("{FAE04EC0-301F-11D3-BF4B-00C04F79EFBC}") = "ConfigurationProviders", "ConfigurationProviders\ConfigurationProviders.csproj", "{18057749-C4CD-4274-9091-570B99B10F0E}"
EndProject
Project("{FAE04EC0-301F-11D3-BF4B-00C04F79EFBC}") = "ConfigurationHostBuilder", "ConfigurationHostBuilder\ConfigurationHostBuilder.csproj", "{7BE75EAC-A222-45B4-BC78-A5178BAAC750}"
EndProject
Project("{FAE04EC0-301F-11D3-BF4B-00C04F79EFBC}") = "Sogeti.Extensions.Configuration.Yaml", "Sogeti.Extensions.Configuration.Yaml\Sogeti.Extensions.Configuration.Yaml.csproj", "{DB49FE77-5384-4448-9FC9-519CA540E78F}"
EndProject
Project("{FAE04EC0-301F-11D3-BF4B-00C04F79EFBC}") = "OptionsPattern", "OptionsPattern\OptionsPattern.csproj", "{D271B4CE-252F-4E87-BCAD-126F798F2CE1}"
EndProject
Global
	GlobalSection(SolutionConfigurationPlatforms) = preSolution
		Debug|Any CPU = Debug|Any CPU
		Release|Any CPU = Release|Any CPU
	EndGlobalSection
	GlobalSection(ProjectConfigurationPlatforms) = postSolution
		{BD7450C9-9083-4078-BA08-77C1C783976E}.Debug|Any CPU.ActiveCfg = Debug|Any CPU
		{BD7450C9-9083-4078-BA08-77C1C783976E}.Debug|Any CPU.Build.0 = Debug|Any CPU
		{BD7450C9-9083-4078-BA08-77C1C783976E}.Release|Any CPU.ActiveCfg = Release|Any CPU
		{BD7450C9-9083-4078-BA08-77C1C783976E}.Release|Any CPU.Build.0 = Release|Any CPU
		{B2D2CBFB-43D2-4999-9368-82680224B966}.Debug|Any CPU.ActiveCfg = Debug|Any CPU
		{B2D2CBFB-43D2-4999-9368-82680224B966}.Debug|Any CPU.Build.0 = Debug|Any CPU
		{B2D2CBFB-43D2-4999-9368-82680224B966}.Release|Any CPU.ActiveCfg = Release|Any CPU
		{B2D2CBFB-43D2-4999-9368-82680224B966}.Release|Any CPU.Build.0 = Release|Any CPU
		{434D3B6D-F3B3-44D0-8536-838A318D8105}.Debug|Any CPU.ActiveCfg = Debug|Any CPU
		{434D3B6D-F3B3-44D0-8536-838A318D8105}.Debug|Any CPU.Build.0 = Debug|Any CPU
		{434D3B6D-F3B3-44D0-8536-838A318D8105}.Release|Any CPU.ActiveCfg = Release|Any CPU
		{434D3B6D-F3B3-44D0-8536-838A318D8105}.Release|Any CPU.Build.0 = Release|Any CPU
		{B2E3B33C-DDCB-4EB0-B9DC-305B2E0A59CE}.Debug|Any CPU.ActiveCfg = Debug|Any CPU
		{B2E3B33C-DDCB-4EB0-B9DC-305B2E0A59CE}.Debug|Any CPU.Build.0 = Debug|Any CPU
		{B2E3B33C-DDCB-4EB0-B9DC-305B2E0A59CE}.Release|Any CPU.ActiveCfg = Release|Any CPU
		{B2E3B33C-DDCB-4EB0-B9DC-305B2E0A59CE}.Release|Any CPU.Build.0 = Release|Any CPU
		{22981F70-EDC6-4AE8-BB3D-D5F16F0D58FB}.Debug|Any CPU.ActiveCfg = Debug|Any CPU
		{22981F70-EDC6-4AE8-BB3D-D5F16F0D58FB}.Debug|Any CPU.Build.0 = Debug|Any CPU
		{22981F70-EDC6-4AE8-BB3D-D5F16F0D58FB}.Release|Any CPU.ActiveCfg = Release|Any CPU
		{22981F70-EDC6-4AE8-BB3D-D5F16F0D58FB}.Release|Any CPU.Build.0 = Release|Any CPU
		{782E5D82-F9FD-485C-A4F6-D3D02973A95E}.Debug|Any CPU.ActiveCfg = Debug|Any CPU
		{782E5D82-F9FD-485C-A4F6-D3D02973A95E}.Debug|Any CPU.Build.0 = Debug|Any CPU
		{782E5D82-F9FD-485C-A4F6-D3D02973A95E}.Release|Any CPU.ActiveCfg = Release|Any CPU
		{782E5D82-F9FD-485C-A4F6-D3D02973A95E}.Release|Any CPU.Build.0 = Release|Any CPU
		{FA5141B4-02DB-4CA9-9613-7A5EBAEEC971}.Debug|Any CPU.ActiveCfg = Debug|Any CPU
		{FA5141B4-02DB-4CA9-9613-7A5EBAEEC971}.Debug|Any CPU.Build.0 = Debug|Any CPU
		{FA5141B4-02DB-4CA9-9613-7A5EBAEEC971}.Release|Any CPU.ActiveCfg = Release|Any CPU
		{FA5141B4-02DB-4CA9-9613-7A5EBAEEC971}.Release|Any CPU.Build.0 = Release|Any CPU
		{C5E5B2E5-6383-4895-A8F1-D431548200C9}.Debug|Any CPU.ActiveCfg = Debug|Any CPU
		{C5E5B2E5-6383-4895-A8F1-D431548200C9}.Debug|Any CPU.Build.0 = Debug|Any CPU
		{C5E5B2E5-6383-4895-A8F1-D431548200C9}.Release|Any CPU.ActiveCfg = Release|Any CPU
		{C5E5B2E5-6383-4895-A8F1-D431548200C9}.Release|Any CPU.Build.0 = Release|Any CPU
		{1F321C2B-8A36-47D6-8BE2-36B54831EBD7}.Debug|Any CPU.ActiveCfg = Debug|Any CPU
		{1F321C2B-8A36-47D6-8BE2-36B54831EBD7}.Debug|Any CPU.Build.0 = Debug|Any CPU
		{1F321C2B-8A36-47D6-8BE2-36B54831EBD7}.Release|Any CPU.ActiveCfg = Release|Any CPU
		{1F321C2B-8A36-47D6-8BE2-36B54831EBD7}.Release|Any CPU.Build.0 = Release|Any CPU
		{C6F8DC5E-3E98-4E68-8835-33C75BC39E91}.Debug|Any CPU.ActiveCfg = Debug|Any CPU
		{C6F8DC5E-3E98-4E68-8835-33C75BC39E91}.Debug|Any CPU.Build.0 = Debug|Any CPU
		{C6F8DC5E-3E98-4E68-8835-33C75BC39E91}.Release|Any CPU.ActiveCfg = Release|Any CPU
		{C6F8DC5E-3E98-4E68-8835-33C75BC39E91}.Release|Any CPU.Build.0 = Release|Any CPU
		{9E97B522-2B55-4352-9BCE-C537A2D95767}.Debug|Any CPU.ActiveCfg = Debug|Any CPU
		{9E97B522-2B55-4352-9BCE-C537A2D95767}.Debug|Any CPU.Build.0 = Debug|Any CPU
		{9E97B522-2B55-4352-9BCE-C537A2D95767}.Release|Any CPU.ActiveCfg = Release|Any CPU
		{9E97B522-2B55-4352-9BCE-C537A2D95767}.Release|Any CPU.Build.0 = Release|Any CPU
		{18057749-C4CD-4274-9091-570B99B10F0E}.Debug|Any CPU.ActiveCfg = Debug|Any CPU
		{18057749-C4CD-4274-9091-570B99B10F0E}.Debug|Any CPU.Build.0 = Debug|Any CPU
		{18057749-C4CD-4274-9091-570B99B10F0E}.Release|Any CPU.ActiveCfg = Release|Any CPU
		{18057749-C4CD-4274-9091-570B99B10F0E}.Release|Any CPU.Build.0 = Release|Any CPU
		{7BE75EAC-A222-45B4-BC78-A5178BAAC750}.Debug|Any CPU.ActiveCfg = Debug|Any CPU
		{7BE75EAC-A222-45B4-BC78-A5178BAAC750}.Debug|Any CPU.Build.0 = Debug|Any CPU
		{7BE75EAC-A222-45B4-BC78-A5178BAAC750}.Release|Any CPU.ActiveCfg = Release|Any CPU
		{7BE75EAC-A222-45B4-BC78-A5178BAAC750}.Release|Any CPU.Build.0 = Release|Any CPU
		{DB49FE77-5384-4448-9FC9-519CA540E78F}.Debug|Any CPU.ActiveCfg = Debug|Any CPU
		{DB49FE77-5384-4448-9FC9-519CA540E78F}.Debug|Any CPU.Build.0 = Debug|Any CPU
		{DB49FE77-5384-4448-9FC9-519CA540E78F}.Release|Any CPU.ActiveCfg = Release|Any CPU
		{DB49FE77-5384-4448-9FC9-519CA540E78F}.Release|Any CPU.Build.0 = Release|Any CPU
		{D271B4CE-252F-4E87-BCAD-126F798F2CE1}.Debug|Any CPU.ActiveCfg = Debug|Any CPU
		{D271B4CE-252F-4E87-BCAD-126F798F2CE1}.Debug|Any CPU.Build.0 = Debug|Any CPU
		{D271B4CE-252F-4E87-BCAD-126F798F2CE1}.Release|Any CPU.ActiveCfg = Release|Any CPU
		{D271B4CE-252F-4E87-BCAD-126F798F2CE1}.Release|Any CPU.Build.0 = Release|Any CPU
	EndGlobalSection
	GlobalSection(SolutionProperties) = preSolution
		HideSolutionNode = FALSE
	EndGlobalSection
	GlobalSection(NestedProjects) = preSolution
		{BD7450C9-9083-4078-BA08-77C1C783976E} = {D9A9CF71-7B94-40FB-A6F8-9CC6A8071907}
		{B2D2CBFB-43D2-4999-9368-82680224B966} = {D9A9CF71-7B94-40FB-A6F8-9CC6A8071907}
		{434D3B6D-F3B3-44D0-8536-838A318D8105} = {D9A9CF71-7B94-40FB-A6F8-9CC6A8071907}
		{B2E3B33C-DDCB-4EB0-B9DC-305B2E0A59CE} = {63D8C208-3B8D-4E4F-9C35-2901B4E08694}
		{22981F70-EDC6-4AE8-BB3D-D5F16F0D58FB} = {63D8C208-3B8D-4E4F-9C35-2901B4E08694}
		{782E5D82-F9FD-485C-A4F6-D3D02973A95E} = {CF77E09A-1BD7-4763-9F03-B5C447FED3A5}
		{FA5141B4-02DB-4CA9-9613-7A5EBAEEC971} = {CF77E09A-1BD7-4763-9F03-B5C447FED3A5}
		{C5E5B2E5-6383-4895-A8F1-D431548200C9} = {CF77E09A-1BD7-4763-9F03-B5C447FED3A5}
		{1F321C2B-8A36-47D6-8BE2-36B54831EBD7} = {A2CFB509-114D-4E11-9716-D08AD6A009B2}
		{C6F8DC5E-3E98-4E68-8835-33C75BC39E91} = {A2CFB509-114D-4E11-9716-D08AD6A009B2}
		{9E97B522-2B55-4352-9BCE-C537A2D95767} = {A2CFB509-114D-4E11-9716-D08AD6A009B2}
		{18057749-C4CD-4274-9091-570B99B10F0E} = {C949E923-7737-4D7B-8DDD-E7EF09E343AE}
		{7BE75EAC-A222-45B4-BC78-A5178BAAC750} = {C949E923-7737-4D7B-8DDD-E7EF09E343AE}
		{DB49FE77-5384-4448-9FC9-519CA540E78F} = {C949E923-7737-4D7B-8DDD-E7EF09E343AE}
		{D271B4CE-252F-4E87-BCAD-126F798F2CE1} = {C949E923-7737-4D7B-8DDD-E7EF09E343AE}
	EndGlobalSection
	GlobalSection(ExtensibilityGlobals) = postSolution
		SolutionGuid = {A62A9579-D260-4CFE-A083-79016520774A}
	EndGlobalSection
EndGlobal
